<?xml version="1.0" encoding="utf-8"?>
<Project ToolsVersion="4.0" xmlns="http://schemas.microsoft.com/developer/msbuild/2003">
  <ItemGroup>
    <Filter Include="소스 파일">
      <UniqueIdentifier>{4FC737F1-C7A5-4376-A066-2A32D752A2FF}</UniqueIdentifier>
      <Extensions>cpp;c;cc;cxx;def;odl;idl;hpj;bat;asm;asmx</Extensions>
    </Filter>
    <Filter Include="헤더 파일">
      <UniqueIdentifier>{93995380-89BD-4b04-88EB-625FBE52EBFB}</UniqueIdentifier>
      <Extensions>h;hh;hpp;hxx;hm;inl;inc;xsd</Extensions>
    </Filter>
    <Filter Include="리소스 파일">
      <UniqueIdentifier>{67DA6AB6-F800-4c08-8B7A-83BB121AAD01}</UniqueIdentifier>
      <Extensions>rc;ico;cur;bmp;dlg;rc2;rct;bin;rgs;gif;jpg;jpeg;jpe;resx;tiff;tif;png;wav;mfcribbon-ms</Extensions>
    </Filter>
    <Filter Include="소스 파일\멤고리즘">
      <UniqueIdentifier>{9ad00199-5c2c-41b7-9e34-d4d26761d200}</UniqueIdentifier>
    </Filter>
    <Filter Include="소스 파일\백준">
      <UniqueIdentifier>{fc6121c0-a8bb-47fc-96fd-5325d83dfb0e}</UniqueIdentifier>
    </Filter>
    <Filter Include="소스 파일\도블릿">
      <UniqueIdentifier>{ecff85c9-ba1f-4839-a74d-80a70d3b901f}</UniqueIdentifier>
    </Filter>
    <Filter Include="소스 파일\도블릿\BFS">
      <UniqueIdentifier>{17d4f473-d74c-420a-be19-fd27cc058280}</UniqueIdentifier>
    </Filter>
    <Filter Include="소스 파일\도블릿\BinarySearch">
      <UniqueIdentifier>{b1add42f-bc99-431a-8b2b-c7a8107aeb69}</UniqueIdentifier>
    </Filter>
    <Filter Include="소스 파일\도블릿\DFS">
      <UniqueIdentifier>{74402b55-d770-4859-bdc4-c847c7dcc748}</UniqueIdentifier>
    </Filter>
    <Filter Include="소스 파일\도블릿\Greedy">
      <UniqueIdentifier>{a4b6e1d4-328f-41f7-93b5-677240055a3d}</UniqueIdentifier>
    </Filter>
    <Filter Include="소스 파일\알고스팟">
      <UniqueIdentifier>{d5e721d7-10c8-4d3f-ae8c-b2cdf08130aa}</UniqueIdentifier>
    </Filter>
    <Filter Include="소스 파일\백준\강남세미나">
      <UniqueIdentifier>{2a84cf1a-c742-494d-a854-02e69650867e}</UniqueIdentifier>
    </Filter>
    <Filter Include="소스 파일\도블릿\DP">
      <UniqueIdentifier>{4463f643-1987-4e5e-a381-e60ed369ae2e}</UniqueIdentifier>
    </Filter>
    <Filter Include="소스 파일\도블릿\재귀">
      <UniqueIdentifier>{dbab3397-a2ca-405d-9d22-d31f080c6c17}</UniqueIdentifier>
    </Filter>
    <Filter Include="소스 파일\정올">
      <UniqueIdentifier>{d3162ebc-3399-4f01-9fa9-fb10dc71d121}</UniqueIdentifier>
    </Filter>
    <Filter Include="소스 파일\코드그라운드">
      <UniqueIdentifier>{1ff30f3a-24c4-4316-a87f-1e1c9668a4d5}</UniqueIdentifier>
    </Filter>
    <Filter Include="소스 파일\복습">
      <UniqueIdentifier>{3ec41aa4-8c89-4b89-8411-21f33ead0012}</UniqueIdentifier>
    </Filter>
    <Filter Include="소스 파일\기출">
      <UniqueIdentifier>{b2c3e80b-9e00-4c77-b2d6-86e1a8de5038}</UniqueIdentifier>
    </Filter>
    <Filter Include="소스 파일\기출\쿠팡">
      <UniqueIdentifier>{c160bb0b-d332-4f35-8ff2-ac6b20e3ae65}</UniqueIdentifier>
    </Filter>
    <Filter Include="소스 파일\백준\SSM백준그룹">
      <UniqueIdentifier>{56b09e0e-2937-4eb7-818e-76e9a02eb88c}</UniqueIdentifier>
    </Filter>
    <Filter Include="소스 파일\백준\DP스터디">
      <UniqueIdentifier>{c9e8bdda-5e3e-4203-ba1f-23d777c67afd}</UniqueIdentifier>
    </Filter>
    <Filter Include="소스 파일\도블릿\최단거리">
      <UniqueIdentifier>{2cc4ba9f-ba05-494b-8b53-2c77cbb11db0}</UniqueIdentifier>
    </Filter>
    <Filter Include="소스 파일\기출\사이닉소프">
      <UniqueIdentifier>{2619290c-0f27-479a-9dba-87bbc4016f7d}</UniqueIdentifier>
    </Filter>
  </ItemGroup>
  <ItemGroup>
    <ClCompile Include="최단거리미로.cpp">
      <Filter>소스 파일\도블릿\DFS</Filter>
    </ClCompile>
    <ClCompile Include="DFS.cpp">
      <Filter>소스 파일\도블릿\DFS</Filter>
    </ClCompile>
    <ClCompile Include="단지번호붙이기.cpp">
      <Filter>소스 파일\도블릿\DFS</Filter>
    </ClCompile>
    <ClCompile Include="바이러스.cpp">
      <Filter>소스 파일\도블릿\DFS</Filter>
    </ClCompile>
    <ClCompile Include="오일러패스.cpp">
      <Filter>소스 파일\도블릿\DFS</Filter>
    </ClCompile>
    <ClCompile Include="미로찾기.cpp">
      <Filter>소스 파일\도블릿\DFS</Filter>
    </ClCompile>
    <ClCompile Include="슈퍼소수.cpp">
      <Filter>소스 파일\도블릿\DFS</Filter>
    </ClCompile>
    <ClCompile Include="달팽이.cpp">
      <Filter>소스 파일\도블릿\DFS</Filter>
    </ClCompile>
    <ClCompile Include="합이0.cpp">
      <Filter>소스 파일\도블릿\DFS</Filter>
    </ClCompile>
    <ClCompile Include="orders.cpp">
      <Filter>소스 파일\도블릿\DFS</Filter>
    </ClCompile>
    <ClCompile Include="도망간소.cpp">
      <Filter>소스 파일\도블릿\BFS</Filter>
    </ClCompile>
    <ClCompile Include="소수길.cpp">
      <Filter>소스 파일\도블릿\BFS</Filter>
    </ClCompile>
    <ClCompile Include="댐.cpp">
      <Filter>소스 파일\도블릿\BFS</Filter>
    </ClCompile>
    <ClCompile Include="누가더클까.cpp">
      <Filter>소스 파일\도블릿\BFS</Filter>
    </ClCompile>
    <ClCompile Include="말과기사.cpp">
      <Filter>소스 파일\도블릿\BFS</Filter>
    </ClCompile>
    <ClCompile Include="이진검색.cpp">
      <Filter>소스 파일\도블릿\BinarySearch</Filter>
    </ClCompile>
    <ClCompile Include="notes.cpp">
      <Filter>소스 파일\도블릿\BinarySearch</Filter>
    </ClCompile>
    <ClCompile Include="랜선자르기.cpp">
      <Filter>소스 파일\도블릿\BinarySearch</Filter>
    </ClCompile>
    <ClCompile Include="정사각형.cpp">
      <Filter>소스 파일\백준</Filter>
    </ClCompile>
    <ClCompile Include="거스름돈.cpp">
      <Filter>소스 파일\도블릿\Greedy</Filter>
    </ClCompile>
    <ClCompile Include="2747_피보나치수.cpp">
      <Filter>소스 파일\백준</Filter>
    </ClCompile>
    <ClCompile Include="배낭채우기.cpp">
      <Filter>소스 파일\멤고리즘</Filter>
    </ClCompile>
    <ClCompile Include="1193_분수찾기.cpp">
      <Filter>소스 파일\백준\SSM백준그룹</Filter>
    </ClCompile>
    <ClCompile Include="1076_저항.cpp">
      <Filter>소스 파일\백준\SSM백준그룹</Filter>
    </ClCompile>
    <ClCompile Include="1181_단어정렬.cpp">
      <Filter>소스 파일\백준\SSM백준그룹</Filter>
    </ClCompile>
    <ClCompile Include="1236_성지키기.cpp">
      <Filter>소스 파일\백준\SSM백준그룹</Filter>
    </ClCompile>
    <ClCompile Include="9935_문자열폭발.cpp">
      <Filter>소스 파일\백준\SSM백준그룹</Filter>
    </ClCompile>
    <ClCompile Include="NQueen.cpp">
      <Filter>소스 파일\알고스팟</Filter>
    </ClCompile>
    <ClCompile Include="2178_미로탐색.cpp">
      <Filter>소스 파일\백준</Filter>
    </ClCompile>
    <ClCompile Include="피라미드방탐험.cpp">
      <Filter>소스 파일\멤고리즘</Filter>
    </ClCompile>
    <ClCompile Include="10026_적록색약.cpp">
      <Filter>소스 파일\백준\강남세미나</Filter>
    </ClCompile>
    <ClCompile Include="2643_색종이올려놓기.cpp">
      <Filter>소스 파일\백준\강남세미나</Filter>
    </ClCompile>
    <ClCompile Include="1.cpp">
      <Filter>소스 파일\백준\강남세미나</Filter>
    </ClCompile>
    <ClCompile Include="2660_회장뽑기.cpp">
      <Filter>소스 파일\백준\강남세미나</Filter>
    </ClCompile>
    <ClCompile Include="2666_벽장문의이동.cpp">
      <Filter>소스 파일\백준\강남세미나</Filter>
    </ClCompile>
    <ClCompile Include="JUMPGAME.cpp">
      <Filter>소스 파일\알고스팟</Filter>
    </ClCompile>
    <ClCompile Include="WILDCARD.cpp">
      <Filter>소스 파일\알고스팟</Filter>
    </ClCompile>
    <ClCompile Include="seat.cpp">
      <Filter>소스 파일\도블릿\DP</Filter>
    </ClCompile>
    <ClCompile Include="scv.cpp">
      <Filter>소스 파일\도블릿\DP</Filter>
    </ClCompile>
    <ClCompile Include="1963_소수경로.cpp">
      <Filter>소스 파일\백준</Filter>
    </ClCompile>
    <ClCompile Include="계단오르기.cpp">
      <Filter>소스 파일\도블릿\DP</Filter>
    </ClCompile>
    <ClCompile Include="1325_효율적인해킹.cpp">
      <Filter>소스 파일\백준</Filter>
    </ClCompile>
    <ClCompile Include="5014_면접에늦었다.cpp">
      <Filter>소스 파일\백준</Filter>
    </ClCompile>
    <ClCompile Include="2193_이친수.cpp">
      <Filter>소스 파일\백준</Filter>
    </ClCompile>
    <ClCompile Include="3095_플러수의개수.cpp">
      <Filter>소스 파일\백준</Filter>
    </ClCompile>
    <ClCompile Include="11068_회문인숫자.cpp">
      <Filter>소스 파일\백준</Filter>
    </ClCompile>
    <ClCompile Include="1799_비숍.cpp">
      <Filter>소스 파일\백준</Filter>
    </ClCompile>
    <ClCompile Include="luckynum.cpp">
      <Filter>소스 파일\멤고리즘</Filter>
    </ClCompile>
    <ClCompile Include="x의y거듭제곱.cpp">
      <Filter>소스 파일\도블릿\재귀</Filter>
    </ClCompile>
    <ClCompile Include="유클리드호제법.cpp">
      <Filter>소스 파일\도블릿\재귀</Filter>
    </ClCompile>
    <ClCompile Include="재귀_계단오르기.cpp">
      <Filter>소스 파일\도블릿\재귀</Filter>
    </ClCompile>
    <ClCompile Include="특별한4자리정수.cpp">
      <Filter>소스 파일\도블릿\재귀</Filter>
    </ClCompile>
    <ClCompile Include="tobin.cpp">
      <Filter>소스 파일\도블릿\재귀</Filter>
    </ClCompile>
    <ClCompile Include="mt.cpp">
      <Filter>소스 파일\도블릿\재귀</Filter>
    </ClCompile>
    <ClCompile Include="비트패턴.cpp">
      <Filter>소스 파일\도블릿\재귀</Filter>
    </ClCompile>
    <ClCompile Include="팔씨름운동회.cpp">
      <Filter>소스 파일\도블릿\재귀</Filter>
    </ClCompile>
    <ClCompile Include="7576_토마토.cpp">
      <Filter>소스 파일\백준</Filter>
    </ClCompile>
    <ClCompile Include="2842_집배원한상덕.cpp">
      <Filter>소스 파일\백준</Filter>
    </ClCompile>
    <ClCompile Include="2252_줄세우기.cpp">
      <Filter>소스 파일\백준</Filter>
    </ClCompile>
    <ClCompile Include="3586_방정식.cpp">
      <Filter>소스 파일\백준</Filter>
    </ClCompile>
    <ClCompile Include="2151_거울설치.cpp">
      <Filter>소스 파일\백준</Filter>
    </ClCompile>
    <ClCompile Include="1113_119구급대.cpp">
      <Filter>소스 파일\정올</Filter>
    </ClCompile>
    <ClCompile Include="열려있는라커.cpp">
      <Filter>소스 파일\멤고리즘</Filter>
    </ClCompile>
    <ClCompile Include="방속의거울.cpp">
      <Filter>소스 파일\코드그라운드</Filter>
    </ClCompile>
    <ClCompile Include="2578_버스갈아타기.cpp">
      <Filter>소스 파일\정올</Filter>
    </ClCompile>
    <ClCompile Include="숫자골라내기.cpp">
      <Filter>소스 파일\코드그라운드</Filter>
    </ClCompile>
    <ClCompile Include="프로그래밍.cpp">
      <Filter>소스 파일\코드그라운드</Filter>
    </ClCompile>
    <ClCompile Include="7569_3차원토마토.cpp">
      <Filter>소스 파일\백준</Filter>
    </ClCompile>
    <ClCompile Include="시험공부.cpp">
      <Filter>소스 파일\코드그라운드</Filter>
    </ClCompile>
    <ClCompile Include="2589_보물섬.cpp">
      <Filter>소스 파일\백준</Filter>
    </ClCompile>
    <ClCompile Include="알콩달콩.cpp">
      <Filter>소스 파일\멤고리즘</Filter>
    </ClCompile>
    <ClCompile Include="marathon.cpp">
      <Filter>소스 파일\멤고리즘</Filter>
    </ClCompile>
    <ClCompile Include="11403_경로찾기.cpp">
      <Filter>소스 파일\백준</Filter>
    </ClCompile>
    <ClCompile Include="1398_케빈베이컨의6단계법칙.cpp">
      <Filter>소스 파일\백준</Filter>
    </ClCompile>
    <ClCompile Include="1260_DFS와BFS.cpp">
      <Filter>소스 파일\백준</Filter>
    </ClCompile>
    <ClCompile Include="컴맹재원이.cpp">
      <Filter>소스 파일\멤고리즘</Filter>
    </ClCompile>
    <ClCompile Include="11724_연결요소의개수.cpp">
      <Filter>소스 파일\백준</Filter>
    </ClCompile>
    <ClCompile Include="스도쿠.cpp">
      <Filter>소스 파일\정올</Filter>
    </ClCompile>
    <ClCompile Include="퀸.cpp">
      <Filter>소스 파일\멤고리즘</Filter>
    </ClCompile>
    <ClCompile Include="Queen.cpp">
      <Filter>소스 파일\멤고리즘</Filter>
    </ClCompile>
    <ClCompile Include="2606_바이러스.cpp">
      <Filter>소스 파일\백준</Filter>
    </ClCompile>
    <ClCompile Include="9663_N-Queen.cpp">
      <Filter>소스 파일\백준</Filter>
    </ClCompile>
    <ClCompile Include="10971_외판원순회.cpp">
      <Filter>소스 파일\백준</Filter>
    </ClCompile>
    <ClCompile Include="1_탈출.cpp">
      <Filter>소스 파일\복습</Filter>
    </ClCompile>
    <ClCompile Include="1551_수열의변화.cpp">
      <Filter>소스 파일\백준</Filter>
    </ClCompile>
    <ClCompile Include="2_달팽이.cpp">
      <Filter>소스 파일\복습</Filter>
    </ClCompile>
    <ClCompile Include="3_방속의거울.cpp">
      <Filter>소스 파일\복습</Filter>
    </ClCompile>
    <ClCompile Include="2016상반기쿠_2.cpp">
      <Filter>소스 파일\기출\쿠팡</Filter>
    </ClCompile>
    <ClCompile Include="2016상반기쿠팡_1.cpp">
      <Filter>소스 파일\기출\쿠팡</Filter>
    </ClCompile>
    <ClCompile Include="1149_RGB거리.cpp">
      <Filter>소스 파일\백준</Filter>
    </ClCompile>
    <ClCompile Include="1463_1로만들기.cpp">
      <Filter>소스 파일\백준</Filter>
    </ClCompile>
    <ClCompile Include="1924_2007년.cpp">
      <Filter>소스 파일\백준</Filter>
    </ClCompile>
    <ClCompile Include="3023_마술사이민혁.cpp">
      <Filter>소스 파일\백준</Filter>
    </ClCompile>
    <ClCompile Include="3035_피터팬프레임.cpp">
      <Filter>소스 파일\백준</Filter>
    </ClCompile>
    <ClCompile Include="3055_탈출.cpp">
      <Filter>소스 파일\백준</Filter>
    </ClCompile>
    <ClCompile Include="10039_평균점수.cpp">
      <Filter>소스 파일\백준</Filter>
    </ClCompile>
    <ClCompile Include="10707_수도요금.cpp">
      <Filter>소스 파일\백준</Filter>
    </ClCompile>
    <ClCompile Include="2667_단지번호붙이기.cpp">
      <Filter>소스 파일\백준</Filter>
    </ClCompile>
    <ClCompile Include="2668_숫자고르기.cpp">
      <Filter>소스 파일\백준</Filter>
    </ClCompile>
    <ClCompile Include="2669_직사각형면적구하기.cpp">
      <Filter>소스 파일\백준</Filter>
    </ClCompile>
    <ClCompile Include="2660_회장뽑기2.cpp">
      <Filter>소스 파일\백준</Filter>
    </ClCompile>
    <ClCompile Include="피보나치수.cpp">
      <Filter>소스 파일\백준\DP스터디</Filter>
    </ClCompile>
    <ClCompile Include="1로만들기.cpp">
      <Filter>소스 파일\백준\DP스터디</Filter>
    </ClCompile>
    <ClCompile Include="2xn타일링.cpp">
      <Filter>소스 파일\백준\DP스터디</Filter>
    </ClCompile>
    <ClCompile Include="2xn타일링2.cpp">
      <Filter>소스 파일\백준\DP스터디</Filter>
    </ClCompile>
    <ClCompile Include="123더하기.cpp">
      <Filter>소스 파일\백준\DP스터디</Filter>
    </ClCompile>
    <ClCompile Include="붕어빵판매하기.cpp">
      <Filter>소스 파일\백준\DP스터디</Filter>
    </ClCompile>
    <ClCompile Include="11048_이동하기.cpp">
      <Filter>소스 파일\백준\DP스터디</Filter>
    </ClCompile>
    <ClCompile Include="10942_팰린드롬.cpp">
      <Filter>소스 파일\백준\DP스터디</Filter>
    </ClCompile>
    <ClCompile Include="1520_내리막길.cpp">
      <Filter>소스 파일\백준\DP스터디</Filter>
    </ClCompile>
    <ClCompile Include="11066_ 파일합치기.cpp">
      <Filter>소스 파일\백준\DP스터디</Filter>
    </ClCompile>
    <ClCompile Include="2228_구간나누기.cpp">
      <Filter>소스 파일\백준\DP스터디</Filter>
    </ClCompile>
    <ClCompile Include="10828_스택.cpp">
      <Filter>소스 파일\백준</Filter>
    </ClCompile>
    <ClCompile Include="1720_타일코드.cpp">
      <Filter>소스 파일\백준\DP스터디</Filter>
    </ClCompile>
    <ClCompile Include="9012_괄호.cpp">
      <Filter>소스 파일\백준</Filter>
    </ClCompile>
    <ClCompile Include="10951_A+B.cpp">
      <Filter>소스 파일\백준</Filter>
    </ClCompile>
    <ClCompile Include="1987_알파벳.cpp">
      <Filter>소스 파일\백준</Filter>
    </ClCompile>
    <ClCompile Include="11718_그대로출력하기.cpp">
      <Filter>소스 파일\백준</Filter>
    </ClCompile>
    <ClCompile Include="2636_치즈.cpp">
      <Filter>소스 파일\백준</Filter>
    </ClCompile>
    <ClCompile Include="2146_다리만들기.cpp">
      <Filter>소스 파일\백준</Filter>
    </ClCompile>
    <ClCompile Include="1613_역사.cpp">
      <Filter>소스 파일\백준</Filter>
    </ClCompile>
    <ClCompile Include="1707_이분그래프.cpp">
      <Filter>소스 파일\백준</Filter>
    </ClCompile>
    <ClCompile Include="10451_순열그래프.cpp">
      <Filter>소스 파일\백준</Filter>
    </ClCompile>
    <ClCompile Include="2331_반복수열.cpp">
      <Filter>소스 파일\백준</Filter>
    </ClCompile>
    <ClCompile Include="9466_텀프로젝트.cpp">
      <Filter>소스 파일\백준</Filter>
    </ClCompile>
    <ClCompile Include="10844_쉬운계단수.cpp">
      <Filter>소스 파일\백준</Filter>
    </ClCompile>
    <ClCompile Include="11057_오르막수.cpp">
      <Filter>소스 파일\백준</Filter>
    </ClCompile>
    <ClCompile Include="4963_섬의개수.cpp">
      <Filter>소스 파일\백준</Filter>
    </ClCompile>
    <ClCompile Include="9465_스티커.cpp">
      <Filter>소스 파일\백준</Filter>
    </ClCompile>
    <ClCompile Include="2156_포도주시식.cpp">
      <Filter>소스 파일\백준</Filter>
    </ClCompile>
    <ClCompile Include="2579_계단오르기.cpp">
      <Filter>소스 파일\백준</Filter>
    </ClCompile>
    <ClCompile Include="1766_문제집.cpp">
      <Filter>소스 파일\백준</Filter>
    </ClCompile>
    <ClCompile Include="1516_게임개발.cpp">
      <Filter>소스 파일\백준</Filter>
    </ClCompile>
    <ClCompile Include="1922_네트워크연결.cpp">
      <Filter>소스 파일\백준</Filter>
    </ClCompile>
    <ClCompile Include="2056_작업.cpp">
      <Filter>소스 파일\백준</Filter>
    </ClCompile>
    <ClCompile Include="10799_쇠막대기.cpp">
      <Filter>소스 파일\백준</Filter>
    </ClCompile>
    <ClCompile Include="개구리뛰기.cpp">
      <Filter>소스 파일\코드그라운드</Filter>
    </ClCompile>
    <ClCompile Include="균일수.cpp">
      <Filter>소스 파일\코드그라운드</Filter>
    </ClCompile>
    <ClCompile Include="3N+1.cpp">
      <Filter>소스 파일\코드그라운드</Filter>
    </ClCompile>
    <ClCompile Include="바이러스대책.cpp">
      <Filter>소스 파일\코드그라운드</Filter>
    </ClCompile>
    <ClCompile Include="대피소.cpp">
      <Filter>소스 파일\코드그라운드</Filter>
    </ClCompile>
    <ClCompile Include="징검다리.cpp">
      <Filter>소스 파일\코드그라운드</Filter>
    </ClCompile>
    <ClCompile Include="다익스트라기본.cpp">
      <Filter>소스 파일\도블릿\최단거리</Filter>
    </ClCompile>
    <ClCompile Include="다익스트라.cpp">
      <Filter>소스 파일\도블릿\최단거리</Filter>
    </ClCompile>
    <ClCompile Include="1337_올바른배열.cpp">
      <Filter>소스 파일\백준</Filter>
    </ClCompile>
    <ClCompile Include="1456_거의소수.cpp">
      <Filter>소스 파일\백준</Filter>
    </ClCompile>
    <ClCompile Include="1003_피보나치함수.cpp">
      <Filter>소스 파일\백준</Filter>
    </ClCompile>
    <ClCompile Include="test.cpp">
      <Filter>소스 파일\기출\사이닉소프</Filter>
    </ClCompile>
  </ItemGroup>
  <ItemGroup>
    <Text Include="input.txt">
      <Filter>리소스 파일</Filter>
    </Text>
  </ItemGroup>
</Project>